
Microsoft Visual Studio Solution File, Format Version 12.00
# Visual Studio Version 17
VisualStudioVersion = 17.4.33122.133
MinimumVisualStudioVersion = 10.0.40219.1
Project("{9A19103F-16F7-4668-BE54-9A1E7A4F7556}") = "BethanysPieShopHRM", "BethanysPieShopHRM\BethanysPieShopHRM.csproj", "{8676B227-71F2-4361-A8E9-7923930A3B7E}"
EndProject
Project("{FAE04EC0-301F-11D3-BF4B-00C04F79EFBC}") = "BethenysPieShopHRM.Tests", "BethenysPieShopHRM.Tests\BethenysPieShopHRM.Tests.csproj", "{37889937-0C98-4272-A1E1-126CE3C4EEF0}"
EndProject
Global
	GlobalSection(SolutionConfigurationPlatforms) = preSolution
		Debug|Any CPU = Debug|Any CPU
		Release|Any CPU = Release|Any CPU
	EndGlobalSection
	GlobalSection(ProjectConfigurationPlatforms) = postSolution
		{8676B227-71F2-4361-A8E9-7923930A3B7E}.Debug|Any CPU.ActiveCfg = Debug|Any CPU
		{8676B227-71F2-4361-A8E9-7923930A3B7E}.Debug|Any CPU.Build.0 = Debug|Any CPU
		{8676B227-71F2-4361-A8E9-7923930A3B7E}.Release|Any CPU.ActiveCfg = Release|Any CPU
		{8676B227-71F2-4361-A8E9-7923930A3B7E}.Release|Any CPU.Build.0 = Release|Any CPU
		{37889937-0C98-4272-A1E1-126CE3C4EEF0}.Debug|Any CPU.ActiveCfg = Debug|Any CPU
		{37889937-0C98-4272-A1E1-126CE3C4EEF0}.Debug|Any CPU.Build.0 = Debug|Any CPU
		{37889937-0C98-4272-A1E1-126CE3C4EEF0}.Release|Any CPU.ActiveCfg = Release|Any CPU
		{37889937-0C98-4272-A1E1-126CE3C4EEF0}.Release|Any CPU.Build.0 = Release|Any CPU
	EndGlobalSection
	GlobalSection(SolutionProperties) = preSolution
		HideSolutionNode = FALSE
	EndGlobalSection
	GlobalSection(ExtensibilityGlobals) = postSolution
		SolutionGuid = {670E6FD4-8FC9-4E17-8F1A-1917C699A0B3}
	EndGlobalSection
EndGlobal
